
Microsoft Visual Studio Solution File, Format Version 12.00
# Visual Studio Version 17
VisualStudioVersion = 17.14.36203.30 d17.14
MinimumVisualStudioVersion = 10.0.40219.1
Project("{FAE04EC0-301F-11D3-BF4B-00C04F79EFBC}") = "SkillHub.API", "SkillHub.API\SkillHub.API.csproj", "{C2A46FF2-4601-48D7-A5B9-4DB58B7D98FE}"
EndProject
Project("{FAE04EC0-301F-11D3-BF4B-00C04F79EFBC}") = "SkillHub.Domain", "SkillHub.Domain\SkillHub.Domain.csproj", "{BE056F4E-2D94-4F7A-9986-A1EED41E6149}"
EndProject
Project("{FAE04EC0-301F-11D3-BF4B-00C04F79EFBC}") = "SkillHub.Application", "SkillHub.Application\SkillHub.Application.csproj", "{2D2DDFC0-3FC4-480B-BD6A-008C099D3965}"
EndProject
Project("{FAE04EC0-301F-11D3-BF4B-00C04F79EFBC}") = "SkillHub.Infrastructure", "SkillHub.Infrastructure\SkillHub.Infrastructure.csproj", "{8E8E697B-3876-41AB-9CEF-E4680E65D5BA}"
EndProject
Global
	GlobalSection(SolutionConfigurationPlatforms) = preSolution
		Debug|Any CPU = Debug|Any CPU
		Release|Any CPU = Release|Any CPU
	EndGlobalSection
	GlobalSection(ProjectConfigurationPlatforms) = postSolution
		{C2A46FF2-4601-48D7-A5B9-4DB58B7D98FE}.Debug|Any CPU.ActiveCfg = Debug|Any CPU
		{C2A46FF2-4601-48D7-A5B9-4DB58B7D98FE}.Debug|Any CPU.Build.0 = Debug|Any CPU
		{C2A46FF2-4601-48D7-A5B9-4DB58B7D98FE}.Release|Any CPU.ActiveCfg = Release|Any CPU
		{C2A46FF2-4601-48D7-A5B9-4DB58B7D98FE}.Release|Any CPU.Build.0 = Release|Any CPU
		{BE056F4E-2D94-4F7A-9986-A1EED41E6149}.Debug|Any CPU.ActiveCfg = Debug|Any CPU
		{BE056F4E-2D94-4F7A-9986-A1EED41E6149}.Debug|Any CPU.Build.0 = Debug|Any CPU
		{BE056F4E-2D94-4F7A-9986-A1EED41E6149}.Release|Any CPU.ActiveCfg = Release|Any CPU
		{BE056F4E-2D94-4F7A-9986-A1EED41E6149}.Release|Any CPU.Build.0 = Release|Any CPU
		{2D2DDFC0-3FC4-480B-BD6A-008C099D3965}.Debug|Any CPU.ActiveCfg = Debug|Any CPU
		{2D2DDFC0-3FC4-480B-BD6A-008C099D3965}.Debug|Any CPU.Build.0 = Debug|Any CPU
		{2D2DDFC0-3FC4-480B-BD6A-008C099D3965}.Release|Any CPU.ActiveCfg = Release|Any CPU
		{2D2DDFC0-3FC4-480B-BD6A-008C099D3965}.Release|Any CPU.Build.0 = Release|Any CPU
		{8E8E697B-3876-41AB-9CEF-E4680E65D5BA}.Debug|Any CPU.ActiveCfg = Debug|Any CPU
		{8E8E697B-3876-41AB-9CEF-E4680E65D5BA}.Debug|Any CPU.Build.0 = Debug|Any CPU
		{8E8E697B-3876-41AB-9CEF-E4680E65D5BA}.Release|Any CPU.ActiveCfg = Release|Any CPU
		{8E8E697B-3876-41AB-9CEF-E4680E65D5BA}.Release|Any CPU.Build.0 = Release|Any CPU
	EndGlobalSection
	GlobalSection(SolutionProperties) = preSolution
		HideSolutionNode = FALSE
	EndGlobalSection
	GlobalSection(ExtensibilityGlobals) = postSolution
		SolutionGuid = {25F6F2E2-A20E-4C59-BF64-12913340C233}
	EndGlobalSection
EndGlobal
